// !$*UTF8*$!
{
	archiveVersion = 1;
	classes = {
	};
	objectVersion = 56;
	objects = {

/* Begin PBXBuildFile section */
		9C4140D02945FF5D005A0617 /* AsyncImageApp.swift in Sources */ = {isa = PBXBuildFile; fileRef = 9C4140CF2945FF5D005A0617 /* AsyncImageApp.swift */; };
		9C4140D22945FF5D005A0617 /* ContentView.swift in Sources */ = {isa = PBXBuildFile; fileRef = 9C4140D12945FF5D005A0617 /* ContentView.swift */; };
		9C4140D42945FF5E005A0617 /* Assets.xcassets in Resources */ = {isa = PBXBuildFile; fileRef = 9C4140D32945FF5E005A0617 /* Assets.xcassets */; };
		9C4140D72945FF5E005A0617 /* Preview Assets.xcassets in Resources */ = {isa = PBXBuildFile; fileRef = 9C4140D62945FF5E005A0617 /* Preview Assets.xcassets */; };
		9C4140E12945FF5E005A0617 /* AsyncImageTests.swift in Sources */ = {isa = PBXBuildFile; fileRef = 9C4140E02945FF5E005A0617 /* AsyncImageTests.swift */; };
		9C4140EB2945FF5E005A0617 /* AsyncImageUITests.swift in Sources */ = {isa = PBXBuildFile; fileRef = 9C4140EA2945FF5E005A0617 /* AsyncImageUITests.swift */; };
		9C4140ED2945FF5E005A0617 /* AsyncImageUITestsLaunchTests.swift in Sources */ = {isa = PBXBuildFile; fileRef = 9C4140EC2945FF5E005A0617 /* AsyncImageUITestsLaunchTests.swift */; };
/* End PBXBuildFile section */

/* Begin PBXContainerItemProxy section */
		9C4140DD2945FF5E005A0617 /* PBXContainerItemProxy */ = {
			isa = PBXContainerItemProxy;
			containerPortal = 9C4140C42945FF5D005A0617 /* Project object */;
			proxyType = 1;
			remoteGlobalIDString = 9C4140CB2945FF5D005A0617;
			remoteInfo = AsyncImage;
		};
		9C4140E72945FF5E005A0617 /* PBXContainerItemProxy */ = {
			isa = PBXContainerItemProxy;
			containerPortal = 9C4140C42945FF5D005A0617 /* Project object */;
			proxyType = 1;
			remoteGlobalIDString = 9C4140CB2945FF5D005A0617;
			remoteInfo = AsyncImage;
		};
/* End PBXContainerItemProxy section */

/* Begin PBXFileReference section */
		9C4140CC2945FF5D005A0617 /* AsyncImage.app */ = {isa = PBXFileReference; explicitFileType = wrapper.application; includeInIndex = 0; path = AsyncImage.app; sourceTree = BUILT_PRODUCTS_DIR; };
		9C4140CF2945FF5D005A0617 /* AsyncImageApp.swift */ = {isa = PBXFileReference; lastKnownFileType = sourcecode.swift; path = AsyncImageApp.swift; sourceTree = "<group>"; };
		9C4140D12945FF5D005A0617 /* ContentView.swift */ = {isa = PBXFileReference; lastKnownFileType = sourcecode.swift; path = ContentView.swift; sourceTree = "<group>"; };
		9C4140D32945FF5E005A0617 /* Assets.xcassets */ = {isa = PBXFileReference; lastKnownFileType = folder.assetcatalog; path = Assets.xcassets; sourceTree = "<group>"; };
		9C4140D62945FF5E005A0617 /* Preview Assets.xcassets */ = {isa = PBXFileReference; lastKnownFileType = folder.assetcatalog; path = "Preview Assets.xcassets"; sourceTree = "<group>"; };
		9C4140DC2945FF5E005A0617 /* AsyncImageTests.xctest */ = {isa = PBXFileReference; explicitFileType = wrapper.cfbundle; includeInIndex = 0; path = AsyncImageTests.xctest; sourceTree = BUILT_PRODUCTS_DIR; };
		9C4140E02945FF5E005A0617 /* AsyncImageTests.swift */ = {isa = PBXFileReference; lastKnownFileType = sourcecode.swift; path = AsyncImageTests.swift; sourceTree = "<group>"; };
		9C4140E62945FF5E005A0617 /* AsyncImageUITests.xctest */ = {isa = PBXFileReference; explicitFileType = wrapper.cfbundle; includeInIndex = 0; path = AsyncImageUITests.xctest; sourceTree = BUILT_PRODUCTS_DIR; };
		9C4140EA2945FF5E005A0617 /* AsyncImageUITests.swift */ = {isa = PBXFileReference; lastKnownFileType = sourcecode.swift; path = AsyncImageUITests.swift; sourceTree = "<group>"; };
		9C4140EC2945FF5E005A0617 /* AsyncImageUITestsLaunchTests.swift */ = {isa = PBXFileReference; lastKnownFileType = sourcecode.swift; path = AsyncImageUITestsLaunchTests.swift; sourceTree = "<group>"; };
/* End PBXFileReference section */

/* Begin PBXFrameworksBuildPhase section */
		9C4140C92945FF5D005A0617 /* Frameworks */ = {
			isa = PBXFrameworksBuildPhase;
			buildActionMask = 2147483647;
			files = (
			);
			runOnlyForDeploymentPostprocessing = 0;
		};
		9C4140D92945FF5E005A0617 /* Frameworks */ = {
			isa = PBXFrameworksBuildPhase;
			buildActionMask = 2147483647;
			files = (
			);
			runOnlyForDeploymentPostprocessing = 0;
		};
		9C4140E32945FF5E005A0617 /* Frameworks */ = {
			isa = PBXFrameworksBuildPhase;
			buildActionMask = 2147483647;
			files = (
			);
			runOnlyForDeploymentPostprocessing = 0;
		};
/* End PBXFrameworksBuildPhase section */

/* Begin PBXGroup section */
		9C4140C32945FF5D005A0617 = {
			isa = PBXGroup;
			children = (
				9C4140CE2945FF5D005A0617 /* AsyncImage */,
				9C4140DF2945FF5E005A0617 /* AsyncImageTests */,
				9C4140E92945FF5E005A0617 /* AsyncImageUITests */,
				9C4140CD2945FF5D005A0617 /* Products */,
			);
			sourceTree = "<group>";
		};
		9C4140CD2945FF5D005A0617 /* Products */ = {
			isa = PBXGroup;
			children = (
				9C4140CC2945FF5D005A0617 /* AsyncImage.app */,
				9C4140DC2945FF5E005A0617 /* AsyncImageTests.xctest */,
				9C4140E62945FF5E005A0617 /* AsyncImageUITests.xctest */,
			);
			name = Products;
			sourceTree = "<group>";
		};
		9C4140CE2945FF5D005A0617 /* AsyncImage */ = {
			isa = PBXGroup;
			children = (
				9C4140CF2945FF5D005A0617 /* AsyncImageApp.swift */,
				9C4140D12945FF5D005A0617 /* ContentView.swift */,
				9C4140D32945FF5E005A0617 /* Assets.xcassets */,
				9C4140D52945FF5E005A0617 /* Preview Content */,
			);
			path = AsyncImage;
			sourceTree = "<group>";
		};
		9C4140D52945FF5E005A0617 /* Preview Content */ = {
			isa = PBXGroup;
			children = (
				9C4140D62945FF5E005A0617 /* Preview Assets.xcassets */,
			);
			path = "Preview Content";
			sourceTree = "<group>";
		};
		9C4140DF2945FF5E005A0617 /* AsyncImageTests */ = {
			isa = PBXGroup;
			children = (
				9C4140E02945FF5E005A0617 /* AsyncImageTests.swift */,
			);
			path = AsyncImageTests;
			sourceTree = "<group>";
		};
		9C4140E92945FF5E005A0617 /* AsyncImageUITests */ = {
			isa = PBXGroup;
			children = (
				9C4140EA2945FF5E005A0617 /* AsyncImageUITests.swift */,
				9C4140EC2945FF5E005A0617 /* AsyncImageUITestsLaunchTests.swift */,
			);
			path = AsyncImageUITests;
			sourceTree = "<group>";
		};
/* End PBXGroup section */

/* Begin PBXNativeTarget section */
		9C4140CB2945FF5D005A0617 /* AsyncImage */ = {
			isa = PBXNativeTarget;
			buildConfigurationList = 9C4140F02945FF5E005A0617 /* Build configuration list for PBXNativeTarget "AsyncImage" */;
			buildPhases = (
				9C4140C82945FF5D005A0617 /* Sources */,
				9C4140C92945FF5D005A0617 /* Frameworks */,
				9C4140CA2945FF5D005A0617 /* Resources */,
			);
			buildRules = (
			);
			dependencies = (
			);
			name = AsyncImage;
			productName = AsyncImage;
			productReference = 9C4140CC2945FF5D005A0617 /* AsyncImage.app */;
			productType = "com.apple.product-type.application";
		};
		9C4140DB2945FF5E005A0617 /* AsyncImageTests */ = {
			isa = PBXNativeTarget;
			buildConfigurationList = 9C4140F32945FF5E005A0617 /* Build configuration list for PBXNativeTarget "AsyncImageTests" */;
			buildPhases = (
				9C4140D82945FF5E005A0617 /* Sources */,
				9C4140D92945FF5E005A0617 /* Frameworks */,
				9C4140DA2945FF5E005A0617 /* Resources */,
			);
			buildRules = (
			);
			dependencies = (
				9C4140DE2945FF5E005A0617 /* PBXTargetDependency */,
			);
			name = AsyncImageTests;
			productName = AsyncImageTests;
			productReference = 9C4140DC2945FF5E005A0617 /* AsyncImageTests.xctest */;
			productType = "com.apple.product-type.bundle.unit-test";
		};
		9C4140E52945FF5E005A0617 /* AsyncImageUITests */ = {
			isa = PBXNativeTarget;
			buildConfigurationList = 9C4140F62945FF5E005A0617 /* Build configuration list for PBXNativeTarget "AsyncImageUITests" */;
			buildPhases = (
				9C4140E22945FF5E005A0617 /* Sources */,
				9C4140E32945FF5E005A0617 /* Frameworks */,
				9C4140E42945FF5E005A0617 /* Resources */,
			);
			buildRules = (
			);
			dependencies = (
				9C4140E82945FF5E005A0617 /* PBXTargetDependency */,
			);
			name = AsyncImageUITests;
			productName = AsyncImageUITests;
			productReference = 9C4140E62945FF5E005A0617 /* AsyncImageUITests.xctest */;
			productType = "com.apple.product-type.bundle.ui-testing";
		};
/* End PBXNativeTarget section */

/* Begin PBXProject section */
		9C4140C42945FF5D005A0617 /* Project object */ = {
			isa = PBXProject;
			attributes = {
				BuildIndependentTargetsInParallel = 1;
				LastSwiftUpdateCheck = 1410;
				LastUpgradeCheck = 1410;
				TargetAttributes = {
					9C4140CB2945FF5D005A0617 = {
						CreatedOnToolsVersion = 14.1;
					};
					9C4140DB2945FF5E005A0617 = {
						CreatedOnToolsVersion = 14.1;
						TestTargetID = 9C4140CB2945FF5D005A0617;
					};
					9C4140E52945FF5E005A0617 = {
						CreatedOnToolsVersion = 14.1;
						TestTargetID = 9C4140CB2945FF5D005A0617;
					};
				};
			};
			buildConfigurationList = 9C4140C72945FF5D005A0617 /* Build configuration list for PBXProject "AsyncImage" */;
			compatibilityVersion = "Xcode 14.0";
			developmentRegion = en;
			hasScannedForEncodings = 0;
			knownRegions = (
				en,
				Base,
			);
			mainGroup = 9C4140C32945FF5D005A0617;
			productRefGroup = 9C4140CD2945FF5D005A0617 /* Products */;
			projectDirPath = "";
			projectRoot = "";
			targets = (
				9C4140CB2945FF5D005A0617 /* AsyncImage */,
				9C4140DB2945FF5E005A0617 /* AsyncImageTests */,
				9C4140E52945FF5E005A0617 /* AsyncImageUITests */,
			);
		};
/* End PBXProject section */

/* Begin PBXResourcesBuildPhase section */
		9C4140CA2945FF5D005A0617 /* Resources */ = {
			isa = PBXResourcesBuildPhase;
			buildActionMask = 2147483647;
			files = (
				9C4140D72945FF5E005A0617 /* Preview Assets.xcassets in Resources */,
				9C4140D42945FF5E005A0617 /* Assets.xcassets in Resources */,
			);
			runOnlyForDeploymentPostprocessing = 0;
		};
		9C4140DA2945FF5E005A0617 /* Resources */ = {
			isa = PBXResourcesBuildPhase;
			buildActionMask = 2147483647;
			files = (
			);
			runOnlyForDeploymentPostprocessing = 0;
		};
		9C4140E42945FF5E005A0617 /* Resources */ = {
			isa = PBXResourcesBuildPhase;
			buildActionMask = 2147483647;
			files = (
			);
			runOnlyForDeploymentPostprocessing = 0;
		};
/* End PBXResourcesBuildPhase section */

/* Begin PBXSourcesBuildPhase section */
		9C4140C82945FF5D005A0617 /* Sources */ = {
			isa = PBXSourcesBuildPhase;
			buildActionMask = 2147483647;
			files = (
				9C4140D22945FF5D005A0617 /* ContentView.swift in Sources */,
				9C4140D02945FF5D005A0617 /* AsyncImageApp.swift in Sources */,
			);
			runOnlyForDeploymentPostprocessing = 0;
		};
		9C4140D82945FF5E005A0617 /* Sources */ = {
			isa = PBXSourcesBuildPhase;
			buildActionMask = 2147483647;
			files = (
				9C4140E12945FF5E005A0617 /* AsyncImageTests.swift in Sources */,
			);
			runOnlyForDeploymentPostprocessing = 0;
		};
		9C4140E22945FF5E005A0617 /* Sources */ = {
			isa = PBXSourcesBuildPhase;
			buildActionMask = 2147483647;
			files = (
				9C4140EB2945FF5E005A0617 /* AsyncImageUITests.swift in Sources */,
				9C4140ED2945FF5E005A0617 /* AsyncImageUITestsLaunchTests.swift in Sources */,
			);
			runOnlyForDeploymentPostprocessing = 0;
		};
/* End PBXSourcesBuildPhase section */

/* Begin PBXTargetDependency section */
		9C4140DE2945FF5E005A0617 /* PBXTargetDependency */ = {
			isa = PBXTargetDependency;
			target = 9C4140CB2945FF5D005A0617 /* AsyncImage */;
			targetProxy = 9C4140DD2945FF5E005A0617 /* PBXContainerItemProxy */;
		};
		9C4140E82945FF5E005A0617 /* PBXTargetDependency */ = {
			isa = PBXTargetDependency;
			target = 9C4140CB2945FF5D005A0617 /* AsyncImage */;
			targetProxy = 9C4140E72945FF5E005A0617 /* PBXContainerItemProxy */;
		};
/* End PBXTargetDependency section */

/* Begin XCBuildConfiguration section */
		9C4140EE2945FF5E005A0617 /* Debug */ = {
			isa = XCBuildConfiguration;
			buildSettings = {
				ALWAYS_SEARCH_USER_PATHS = NO;
				CLANG_ANALYZER_NONNULL = YES;
				CLANG_ANALYZER_NUMBER_OBJECT_CONVERSION = YES_AGGRESSIVE;
				CLANG_CXX_LANGUAGE_STANDARD = "gnu++20";
				CLANG_ENABLE_MODULES = YES;
				CLANG_ENABLE_OBJC_ARC = YES;
				CLANG_ENABLE_OBJC_WEAK = YES;
				CLANG_WARN_BLOCK_CAPTURE_AUTORELEASING = YES;
				CLANG_WARN_BOOL_CONVERSION = YES;
				CLANG_WARN_COMMA = YES;
				CLANG_WARN_CONSTANT_CONVERSION = YES;
				CLANG_WARN_DEPRECATED_OBJC_IMPLEMENTATIONS = YES;
				CLANG_WARN_DIRECT_OBJC_ISA_USAGE = YES_ERROR;
				CLANG_WARN_DOCUMENTATION_COMMENTS = YES;
				CLANG_WARN_EMPTY_BODY = YES;
				CLANG_WARN_ENUM_CONVERSION = YES;
				CLANG_WARN_INFINITE_RECURSION = YES;
				CLANG_WARN_INT_CONVERSION = YES;
				CLANG_WARN_NON_LITERAL_NULL_CONVERSION = YES;
				CLANG_WARN_OBJC_IMPLICIT_RETAIN_SELF = YES;
				CLANG_WARN_OBJC_LITERAL_CONVERSION = YES;
				CLANG_WARN_OBJC_ROOT_CLASS = YES_ERROR;
				CLANG_WARN_QUOTED_INCLUDE_IN_FRAMEWORK_HEADER = YES;
				CLANG_WARN_RANGE_LOOP_ANALYSIS = YES;
				CLANG_WARN_STRICT_PROTOTYPES = YES;
				CLANG_WARN_SUSPICIOUS_MOVE = YES;
				CLANG_WARN_UNGUARDED_AVAILABILITY = YES_AGGRESSIVE;
				CLANG_WARN_UNREACHABLE_CODE = YES;
				CLANG_WARN__DUPLICATE_METHOD_MATCH = YES;
				COPY_PHASE_STRIP = NO;
				DEBUG_INFORMATION_FORMAT = dwarf;
				ENABLE_STRICT_OBJC_MSGSEND = YES;
				ENABLE_TESTABILITY = YES;
				GCC_C_LANGUAGE_STANDARD = gnu11;
				GCC_DYNAMIC_NO_PIC = NO;
				GCC_NO_COMMON_BLOCKS = YES;
				GCC_OPTIMIZATION_LEVEL = 0;
				GCC_PREPROCESSOR_DEFINITIONS = (
					"DEBUG=1",
					"$(inherited)",
				);
				GCC_WARN_64_TO_32_BIT_CONVERSION = YES;
				GCC_WARN_ABOUT_RETURN_TYPE = YES_ERROR;
				GCC_WARN_UNDECLARED_SELECTOR = YES;
				GCC_WARN_UNINITIALIZED_AUTOS = YES_AGGRESSIVE;
				GCC_WARN_UNUSED_FUNCTION = YES;
				GCC_WARN_UNUSED_VARIABLE = YES;
				IPHONEOS_DEPLOYMENT_TARGET = 16.1;
				MTL_ENABLE_DEBUG_INFO = INCLUDE_SOURCE;
				MTL_FAST_MATH = YES;
				ONLY_ACTIVE_ARCH = YES;
				SDKROOT = iphoneos;
				SWIFT_ACTIVE_COMPILATION_CONDITIONS = DEBUG;
				SWIFT_OPTIMIZATION_LEVEL = "-Onone";
			};
			name = Debug;
		};
		9C4140EF2945FF5E005A0617 /* Release */ = {
			isa = XCBuildConfiguration;
			buildSettings = {
				ALWAYS_SEARCH_USER_PATHS = NO;
				CLANG_ANALYZER_NONNULL = YES;
				CLANG_ANALYZER_NUMBER_OBJECT_CONVERSION = YES_AGGRESSIVE;
				CLANG_CXX_LANGUAGE_STANDARD = "gnu++20";
				CLANG_ENABLE_MODULES = YES;
				CLANG_ENABLE_OBJC_ARC = YES;
				CLANG_ENABLE_OBJC_WEAK = YES;
				CLANG_WARN_BLOCK_CAPTURE_AUTORELEASING = YES;
				CLANG_WARN_BOOL_CONVERSION = YES;
				CLANG_WARN_COMMA = YES;
				CLANG_WARN_CONSTANT_CONVERSION = YES;
				CLANG_WARN_DEPRECATED_OBJC_IMPLEMENTATIONS = YES;
				CLANG_WARN_DIRECT_OBJC_ISA_USAGE = YES_ERROR;
				CLANG_WARN_DOCUMENTATION_COMMENTS = YES;
				CLANG_WARN_EMPTY_BODY = YES;
				CLANG_WARN_ENUM_CONVERSION = YES;
				CLANG_WARN_INFINITE_RECURSION = YES;
				CLANG_WARN_INT_CONVERSION = YES;
				CLANG_WARN_NON_LITERAL_NULL_CONVERSION = YES;
				CLANG_WARN_OBJC_IMPLICIT_RETAIN_SELF = YES;
				CLANG_WARN_OBJC_LITERAL_CONVERSION = YES;
				CLANG_WARN_OBJC_ROOT_CLASS = YES_ERROR;
				CLANG_WARN_QUOTED_INCLUDE_IN_FRAMEWORK_HEADER = YES;
				CLANG_WARN_RANGE_LOOP_ANALYSIS = YES;
				CLANG_WARN_STRICT_PROTOTYPES = YES;
				CLANG_WARN_SUSPICIOUS_MOVE = YES;
				CLANG_WARN_UNGUARDED_AVAILABILITY = YES_AGGRESSIVE;
				CLANG_WARN_UNREACHABLE_CODE = YES;
				CLANG_WARN__DUPLICATE_METHOD_MATCH = YES;
				COPY_PHASE_STRIP = NO;
				DEBUG_INFORMATION_FORMAT = "dwarf-with-dsym";
				ENABLE_NS_ASSERTIONS = NO;
				ENABLE_STRICT_OBJC_MSGSEND = YES;
				GCC_C_LANGUAGE_STANDARD = gnu11;
				GCC_NO_COMMON_BLOCKS = YES;
				GCC_WARN_64_TO_32_BIT_CONVERSION = YES;
				GCC_WARN_ABOUT_RETURN_TYPE = YES_ERROR;
				GCC_WARN_UNDECLARED_SELECTOR = YES;
				GCC_WARN_UNINITIALIZED_AUTOS = YES_AGGRESSIVE;
				GCC_WARN_UNUSED_FUNCTION = YES;
				GCC_WARN_UNUSED_VARIABLE = YES;
				IPHONEOS_DEPLOYMENT_TARGET = 16.1;
				MTL_ENABLE_DEBUG_INFO = NO;
				MTL_FAST_MATH = YES;
				SDKROOT = iphoneos;
				SWIFT_COMPILATION_MODE = wholemodule;
				SWIFT_OPTIMIZATION_LEVEL = "-O";
				VALIDATE_PRODUCT = YES;
			};
			name = Release;
		};
		9C4140F12945FF5E005A0617 /* Debug */ = {
			isa = XCBuildConfiguration;
			buildSettings = {
				ASSETCATALOG_COMPILER_APPICON_NAME = AppIcon;
				ASSETCATALOG_COMPILER_GLOBAL_ACCENT_COLOR_NAME = AccentColor;
				CODE_SIGN_STYLE = Automatic;
				CURRENT_PROJECT_VERSION = 1;
				DEVELOPMENT_ASSET_PATHS = "\"AsyncImage/Preview Content\"";
				ENABLE_PREVIEWS = YES;
				GENERATE_INFOPLIST_FILE = YES;
				INFOPLIST_KEY_UIApplicationSceneManifest_Generation = YES;
				INFOPLIST_KEY_UIApplicationSupportsIndirectInputEvents = YES;
				INFOPLIST_KEY_UILaunchScreen_Generation = YES;
				INFOPLIST_KEY_UISupportedInterfaceOrientations_iPad = "UIInterfaceOrientationPortrait UIInterfaceOrientationPortraitUpsideDown UIInterfaceOrientationLandscapeLeft UIInterfaceOrientationLandscapeRight";
				INFOPLIST_KEY_UISupportedInterfaceOrientations_iPhone = "UIInterfaceOrientationPortrait UIInterfaceOrientationLandscapeLeft UIInterfaceOrientationLandscapeRight";
				LD_RUNPATH_SEARCH_PATHS = (
					"$(inherited)",
					"@executable_path/Frameworks",
				);
				MARKETING_VERSION = 1.0;
				PRODUCT_BUNDLE_IDENTIFIER = com.saadat.AsyncImage;
				PRODUCT_NAME = "$(TARGET_NAME)";
				SWIFT_EMIT_LOC_STRINGS = YES;
				SWIFT_VERSION = 5.0;
				TARGETED_DEVICE_FAMILY = "1,2";
			};
			name = Debug;
		};
		9C4140F22945FF5E005A0617 /* Release */ = {
			isa = XCBuildConfiguration;
			buildSettings = {
				ASSETCATALOG_COMPILER_APPICON_NAME = AppIcon;
				ASSETCATALOG_COMPILER_GLOBAL_ACCENT_COLOR_NAME = AccentColor;
				CODE_SIGN_STYLE = Automatic;
				CURRENT_PROJECT_VERSION = 1;
				DEVELOPMENT_ASSET_PATHS = "\"AsyncImage/Preview Content\"";
				ENABLE_PREVIEWS = YES;
				GENERATE_INFOPLIST_FILE = YES;
				INFOPLIST_KEY_UIApplicationSceneManifest_Generation = YES;
				INFOPLIST_KEY_UIApplicationSupportsIndirectInputEvents = YES;
				INFOPLIST_KEY_UILaunchScreen_Generation = YES;
				INFOPLIST_KEY_UISupportedInterfaceOrientations_iPad = "UIInterfaceOrientationPortrait UIInterfaceOrientationPortraitUpsideDown UIInterfaceOrientationLandscapeLeft UIInterfaceOrientationLandscapeRight";
				INFOPLIST_KEY_UISupportedInterfaceOrientations_iPhone = "UIInterfaceOrientationPortrait UIInterfaceOrientationLandscapeLeft UIInterfaceOrientationLandscapeRight";
				LD_RUNPATH_SEARCH_PATHS = (
					"$(inherited)",
					"@executable_path/Frameworks",
				);
				MARKETING_VERSION = 1.0;
				PRODUCT_BUNDLE_IDENTIFIER = com.saadat.AsyncImage;
				PRODUCT_NAME = "$(TARGET_NAME)";
				SWIFT_EMIT_LOC_STRINGS = YES;
				SWIFT_VERSION = 5.0;
				TARGETED_DEVICE_FAMILY = "1,2";
			};
			name = Release;
		};
		9C4140F42945FF5E005A0617 /* Debug */ = {
			isa = XCBuildConfiguration;
			buildSettings = {
				ALWAYS_EMBED_SWIFT_STANDARD_LIBRARIES = YES;
				BUNDLE_LOADER = "$(TEST_HOST)";
				CODE_SIGN_STYLE = Automatic;
				CURRENT_PROJECT_VERSION = 1;
				GENERATE_INFOPLIST_FILE = YES;
				IPHONEOS_DEPLOYMENT_TARGET = 16.1;
				MARKETING_VERSION = 1.0;
				PRODUCT_BUNDLE_IDENTIFIER = com.saadat.AsyncImageTests;
				PRODUCT_NAME = "$(TARGET_NAME)";
				SWIFT_EMIT_LOC_STRINGS = NO;
				SWIFT_VERSION = 5.0;
				TARGETED_DEVICE_FAMILY = "1,2";
				TEST_HOST = "$(BUILT_PRODUCTS_DIR)/AsyncImage.app/$(BUNDLE_EXECUTABLE_FOLDER_PATH)/AsyncImage";
			};
			name = Debug;
		};
		9C4140F52945FF5E005A0617 /* Release */ = {
			isa = XCBuildConfiguration;
			buildSettings = {
				ALWAYS_EMBED_SWIFT_STANDARD_LIBRARIES = YES;
				BUNDLE_LOADER = "$(TEST_HOST)";
				CODE_SIGN_STYLE = Automatic;
				CURRENT_PROJECT_VERSION = 1;
				GENERATE_INFOPLIST_FILE = YES;
				IPHONEOS_DEPLOYMENT_TARGET = 16.1;
				MARKETING_VERSION = 1.0;
				PRODUCT_BUNDLE_IDENTIFIER = com.saadat.AsyncImageTests;
				PRODUCT_NAME = "$(TARGET_NAME)";
				SWIFT_EMIT_LOC_STRINGS = NO;
				SWIFT_VERSION = 5.0;
				TARGETED_DEVICE_FAMILY = "1,2";
				TEST_HOST = "$(BUILT_PRODUCTS_DIR)/AsyncImage.app/$(BUNDLE_EXECUTABLE_FOLDER_PATH)/AsyncImage";
			};
			name = Release;
		};
		9C4140F72945FF5E005A0617 /* Debug */ = {
			isa = XCBuildConfiguration;
			buildSettings = {
				ALWAYS_EMBED_SWIFT_STANDARD_LIBRARIES = YES;
				CODE_SIGN_STYLE = Automatic;
				CURRENT_PROJECT_VERSION = 1;
				GENERATE_INFOPLIST_FILE = YES;
				MARKETING_VERSION = 1.0;
				PRODUCT_BUNDLE_IDENTIFIER = com.saadat.AsyncImageUITests;
				PRODUCT_NAME = "$(TARGET_NAME)";
				SWIFT_EMIT_LOC_STRINGS = NO;
				SWIFT_VERSION = 5.0;
				TARGETED_DEVICE_FAMILY = "1,2";
				TEST_TARGET_NAME = AsyncImage;
			};
			name = Debug;
		};
		9C4140F82945FF5E005A0617 /* Release */ = {
			isa = XCBuildConfiguration;
			buildSettings = {
				ALWAYS_EMBED_SWIFT_STANDARD_LIBRARIES = YES;
				CODE_SIGN_STYLE = Automatic;
				CURRENT_PROJECT_VERSION = 1;
				GENERATE_INFOPLIST_FILE = YES;
				MARKETING_VERSION = 1.0;
				PRODUCT_BUNDLE_IDENTIFIER = com.saadat.AsyncImageUITests;
				PRODUCT_NAME = "$(TARGET_NAME)";
				SWIFT_EMIT_LOC_STRINGS = NO;
				SWIFT_VERSION = 5.0;
				TARGETED_DEVICE_FAMILY = "1,2";
				TEST_TARGET_NAME = AsyncImage;
			};
			name = Release;
		};
/* End XCBuildConfiguration section */

/* Begin XCConfigurationList section */
		9C4140C72945FF5D005A0617 /* Build configuration list for PBXProject "AsyncImage" */ = {
			isa = XCConfigurationList;
			buildConfigurations = (
				9C4140EE2945FF5E005A0617 /* Debug */,
				9C4140EF2945FF5E005A0617 /* Release */,
			);
			defaultConfigurationIsVisible = 0;
			defaultConfigurationName = Release;
		};
		9C4140F02945FF5E005A0617 /* Build configuration list for PBXNativeTarget "AsyncImage" */ = {
			isa = XCConfigurationList;
			buildConfigurations = (
				9C4140F12945FF5E005A0617 /* Debug */,
				9C4140F22945FF5E005A0617 /* Release */,
			);
			defaultConfigurationIsVisible = 0;
			defaultConfigurationName = Release;
		};
		9C4140F32945FF5E005A0617 /* Build configuration list for PBXNativeTarget "AsyncImageTests" */ = {
			isa = XCConfigurationList;
			buildConfigurations = (
				9C4140F42945FF5E005A0617 /* Debug */,
				9C4140F52945FF5E005A0617 /* Release */,
			);
			defaultConfigurationIsVisible = 0;
			defaultConfigurationName = Release;
		};
		9C4140F62945FF5E005A0617 /* Build configuration list for PBXNativeTarget "AsyncImageUITests" */ = {
			isa = XCConfigurationList;
			buildConfigurations = (
				9C4140F72945FF5E005A0617 /* Debug */,
				9C4140F82945FF5E005A0617 /* Release */,
			);
			defaultConfigurationIsVisible = 0;
			defaultConfigurationName = Release;
		};
/* End XCConfigurationList section */
	};
	rootObject = 9C4140C42945FF5D005A0617 /* Project object */;
}
